
Microsoft Visual Studio Solution File, Format Version 12.00
# Visual Studio Version 16
VisualStudioVersion = 16.0.32126.315
MinimumVisualStudioVersion = 10.0.40219.1
Project("{FAE04EC0-301F-11D3-BF4B-00C04F79EFBC}") = "Custommid", "Custommid\Custommid.csproj", "{55CED0AE-635E-418A-8E45-5948A008E93E}"
EndProject
Global
	GlobalSection(SolutionConfigurationPlatforms) = preSolution
		Debug|Any CPU = Debug|Any CPU
		Release|Any CPU = Release|Any CPU
	EndGlobalSection
	GlobalSection(ProjectConfigurationPlatforms) = postSolution
		{55CED0AE-635E-418A-8E45-5948A008E93E}.Debug|Any CPU.ActiveCfg = Debug|Any CPU
		{55CED0AE-635E-418A-8E45-5948A008E93E}.Debug|Any CPU.Build.0 = Debug|Any CPU
		{55CED0AE-635E-418A-8E45-5948A008E93E}.Release|Any CPU.ActiveCfg = Release|Any CPU
		{55CED0AE-635E-418A-8E45-5948A008E93E}.Release|Any CPU.Build.0 = Release|Any CPU
	EndGlobalSection
	GlobalSection(SolutionProperties) = preSolution
		HideSolutionNode = FALSE
	EndGlobalSection
	GlobalSection(ExtensibilityGlobals) = postSolution
		SolutionGuid = {43F32DF9-342C-447A-B368-6BD669CC346F}
	EndGlobalSection
EndGlobal
